
Microsoft Visual Studio Solution File, Format Version 12.00
# Visual Studio 15
VisualStudioVersion = 15.0.27703.2018
MinimumVisualStudioVersion = 10.0.40219.1
Project("{8BC9CEB8-8B4A-11D0-8D11-00A0C91BC942}") = "高级语言源程序格式处理", "高级语言源程序格式处理\高级语言源程序格式处理.vcxproj", "{C08870C0-39E1-4564-9E80-6BE1028A1189}"
EndProject
Global
	GlobalSection(SolutionConfigurationPlatforms) = preSolution
		Debug|x64 = Debug|x64
		Debug|x86 = Debug|x86
		Release|x64 = Release|x64
		Release|x86 = Release|x86
	EndGlobalSection
	GlobalSection(ProjectConfigurationPlatforms) = postSolution
		{C08870C0-39E1-4564-9E80-6BE1028A1189}.Debug|x64.ActiveCfg = Debug|x64
		{C08870C0-39E1-4564-9E80-6BE1028A1189}.Debug|x64.Build.0 = Debug|x64
		{C08870C0-39E1-4564-9E80-6BE1028A1189}.Debug|x86.ActiveCfg = Debug|Win32
		{C08870C0-39E1-4564-9E80-6BE1028A1189}.Debug|x86.Build.0 = Debug|Win32
		{C08870C0-39E1-4564-9E80-6BE1028A1189}.Release|x64.ActiveCfg = Release|x64
		{C08870C0-39E1-4564-9E80-6BE1028A1189}.Release|x64.Build.0 = Release|x64
		{C08870C0-39E1-4564-9E80-6BE1028A1189}.Release|x86.ActiveCfg = Release|Win32
		{C08870C0-39E1-4564-9E80-6BE1028A1189}.Release|x86.Build.0 = Release|Win32
	EndGlobalSection
	GlobalSection(SolutionProperties) = preSolution
		HideSolutionNode = FALSE
	EndGlobalSection
	GlobalSection(ExtensibilityGlobals) = postSolution
		SolutionGuid = {8AFDC220-33B5-4551-9397-1C87C5EB12FA}
	EndGlobalSection
EndGlobal
